// !$*UTF8*$!
{
	archiveVersion = 1;
	classes = {
	};
	objectVersion = 77;
	objects = {

/* Begin PBXContainerItemProxy section */
		CE381EBA2EB1BC55005F5EE6 /* PBXContainerItemProxy */ = {
			isa = PBXContainerItemProxy;
			containerPortal = CE381EA42EB1BC53005F5EE6 /* Project object */;
			proxyType = 1;
			remoteGlobalIDString = CE381EAB2EB1BC53005F5EE6;
			remoteInfo = Semana10_Integracion2;
		};
		CE381EC42EB1BC55005F5EE6 /* PBXContainerItemProxy */ = {
			isa = PBXContainerItemProxy;
			containerPortal = CE381EA42EB1BC53005F5EE6 /* Project object */;
			proxyType = 1;
			remoteGlobalIDString = CE381EAB2EB1BC53005F5EE6;
			remoteInfo = Semana10_Integracion2;
		};
/* End PBXContainerItemProxy section */

/* Begin PBXFileReference section */
		CE381EAC2EB1BC53005F5EE6 /* Semana10_Integracion2.app */ = {isa = PBXFileReference; explicitFileType = wrapper.application; includeInIndex = 0; path = Semana10_Integracion2.app; sourceTree = BUILT_PRODUCTS_DIR; };
		CE381EB92EB1BC55005F5EE6 /* Semana10_Integracion2Tests.xctest */ = {isa = PBXFileReference; explicitFileType = wrapper.cfbundle; includeInIndex = 0; path = Semana10_Integracion2Tests.xctest; sourceTree = BUILT_PRODUCTS_DIR; };
		CE381EC32EB1BC55005F5EE6 /* Semana10_Integracion2UITests.xctest */ = {isa = PBXFileReference; explicitFileType = wrapper.cfbundle; includeInIndex = 0; path = Semana10_Integracion2UITests.xctest; sourceTree = BUILT_PRODUCTS_DIR; };
/* End PBXFileReference section */

/* Begin PBXFileSystemSynchronizedRootGroup section */
		CE381EAE2EB1BC53005F5EE6 /* Semana10_Integracion2 */ = {
			isa = PBXFileSystemSynchronizedRootGroup;
			path = Semana10_Integracion2;
			sourceTree = "<group>";
		};
		CE381EBC2EB1BC55005F5EE6 /* Semana10_Integracion2Tests */ = {
			isa = PBXFileSystemSynchronizedRootGroup;
			path = Semana10_Integracion2Tests;
			sourceTree = "<group>";
		};
		CE381EC62EB1BC55005F5EE6 /* Semana10_Integracion2UITests */ = {
			isa = PBXFileSystemSynchronizedRootGroup;
			path = Semana10_Integracion2UITests;
			sourceTree = "<group>";
		};
/* End PBXFileSystemSynchronizedRootGroup section */

/* Begin PBXFrameworksBuildPhase section */
		CE381EA92EB1BC53005F5EE6 /* Frameworks */ = {
			isa = PBXFrameworksBuildPhase;
			buildActionMask = 2147483647;
			files = (
			);
			runOnlyForDeploymentPostprocessing = 0;
		};
		CE381EB62EB1BC55005F5EE6 /* Frameworks */ = {
			isa = PBXFrameworksBuildPhase;
			buildActionMask = 2147483647;
			files = (
			);
			runOnlyForDeploymentPostprocessing = 0;
		};
		CE381EC02EB1BC55005F5EE6 /* Frameworks */ = {
			isa = PBXFrameworksBuildPhase;
			buildActionMask = 2147483647;
			files = (
			);
			runOnlyForDeploymentPostprocessing = 0;
		};
/* End PBXFrameworksBuildPhase section */

/* Begin PBXGroup section */
		CE381EA32EB1BC53005F5EE6 = {
			isa = PBXGroup;
			children = (
				CE381EAE2EB1BC53005F5EE6 /* Semana10_Integracion2 */,
				CE381EBC2EB1BC55005F5EE6 /* Semana10_Integracion2Tests */,
				CE381EC62EB1BC55005F5EE6 /* Semana10_Integracion2UITests */,
				CE381EAD2EB1BC53005F5EE6 /* Products */,
			);
			sourceTree = "<group>";
		};
		CE381EAD2EB1BC53005F5EE6 /* Products */ = {
			isa = PBXGroup;
			children = (
				CE381EAC2EB1BC53005F5EE6 /* Semana10_Integracion2.app */,
				CE381EB92EB1BC55005F5EE6 /* Semana10_Integracion2Tests.xctest */,
				CE381EC32EB1BC55005F5EE6 /* Semana10_Integracion2UITests.xctest */,
			);
			name = Products;
			sourceTree = "<group>";
		};
/* End PBXGroup section */

/* Begin PBXNativeTarget section */
		CE381EAB2EB1BC53005F5EE6 /* Semana10_Integracion2 */ = {
			isa = PBXNativeTarget;
			buildConfigurationList = CE381ECD2EB1BC56005F5EE6 /* Build configuration list for PBXNativeTarget "Semana10_Integracion2" */;
			buildPhases = (
				CE381EA82EB1BC53005F5EE6 /* Sources */,
				CE381EA92EB1BC53005F5EE6 /* Frameworks */,
				CE381EAA2EB1BC53005F5EE6 /* Resources */,
			);
			buildRules = (
			);
			dependencies = (
			);
			fileSystemSynchronizedGroups = (
				CE381EAE2EB1BC53005F5EE6 /* Semana10_Integracion2 */,
			);
			name = Semana10_Integracion2;
			packageProductDependencies = (
			);
			productName = Semana10_Integracion2;
			productReference = CE381EAC2EB1BC53005F5EE6 /* Semana10_Integracion2.app */;
			productType = "com.apple.product-type.application";
		};
		CE381EB82EB1BC55005F5EE6 /* Semana10_Integracion2Tests */ = {
			isa = PBXNativeTarget;
			buildConfigurationList = CE381ED02EB1BC56005F5EE6 /* Build configuration list for PBXNativeTarget "Semana10_Integracion2Tests" */;
			buildPhases = (
				CE381EB52EB1BC55005F5EE6 /* Sources */,
				CE381EB62EB1BC55005F5EE6 /* Frameworks */,
				CE381EB72EB1BC55005F5EE6 /* Resources */,
			);
			buildRules = (
			);
			dependencies = (
				CE381EBB2EB1BC55005F5EE6 /* PBXTargetDependency */,
			);
			fileSystemSynchronizedGroups = (
				CE381EBC2EB1BC55005F5EE6 /* Semana10_Integracion2Tests */,
			);
			name = Semana10_Integracion2Tests;
			packageProductDependencies = (
			);
			productName = Semana10_Integracion2Tests;
			productReference = CE381EB92EB1BC55005F5EE6 /* Semana10_Integracion2Tests.xctest */;
			productType = "com.apple.product-type.bundle.unit-test";
		};
		CE381EC22EB1BC55005F5EE6 /* Semana10_Integracion2UITests */ = {
			isa = PBXNativeTarget;
			buildConfigurationList = CE381ED32EB1BC56005F5EE6 /* Build configuration list for PBXNativeTarget "Semana10_Integracion2UITests" */;
			buildPhases = (
				CE381EBF2EB1BC55005F5EE6 /* Sources */,
				CE381EC02EB1BC55005F5EE6 /* Frameworks */,
				CE381EC12EB1BC55005F5EE6 /* Resources */,
			);
			buildRules = (
			);
			dependencies = (
				CE381EC52EB1BC55005F5EE6 /* PBXTargetDependency */,
			);
			fileSystemSynchronizedGroups = (
				CE381EC62EB1BC55005F5EE6 /* Semana10_Integracion2UITests */,
			);
			name = Semana10_Integracion2UITests;
			packageProductDependencies = (
			);
			productName = Semana10_Integracion2UITests;
			productReference = CE381EC32EB1BC55005F5EE6 /* Semana10_Integracion2UITests.xctest */;
			productType = "com.apple.product-type.bundle.ui-testing";
		};
/* End PBXNativeTarget section */

/* Begin PBXProject section */
		CE381EA42EB1BC53005F5EE6 /* Project object */ = {
			isa = PBXProject;
			attributes = {
				BuildIndependentTargetsInParallel = 1;
				LastSwiftUpdateCheck = 2600;
				LastUpgradeCheck = 2600;
				TargetAttributes = {
					CE381EAB2EB1BC53005F5EE6 = {
						CreatedOnToolsVersion = 26.0;
					};
					CE381EB82EB1BC55005F5EE6 = {
						CreatedOnToolsVersion = 26.0;
						TestTargetID = CE381EAB2EB1BC53005F5EE6;
					};
					CE381EC22EB1BC55005F5EE6 = {
						CreatedOnToolsVersion = 26.0;
						TestTargetID = CE381EAB2EB1BC53005F5EE6;
					};
				};
			};
			buildConfigurationList = CE381EA72EB1BC53005F5EE6 /* Build configuration list for PBXProject "Semana10_Integracion2" */;
			developmentRegion = en;
			hasScannedForEncodings = 0;
			knownRegions = (
				en,
				Base,
			);
			mainGroup = CE381EA32EB1BC53005F5EE6;
			minimizedProjectReferenceProxies = 1;
			preferredProjectObjectVersion = 77;
			productRefGroup = CE381EAD2EB1BC53005F5EE6 /* Products */;
			projectDirPath = "";
			projectRoot = "";
			targets = (
				CE381EAB2EB1BC53005F5EE6 /* Semana10_Integracion2 */,
				CE381EB82EB1BC55005F5EE6 /* Semana10_Integracion2Tests */,
				CE381EC22EB1BC55005F5EE6 /* Semana10_Integracion2UITests */,
			);
		};
/* End PBXProject section */

/* Begin PBXResourcesBuildPhase section */
		CE381EAA2EB1BC53005F5EE6 /* Resources */ = {
			isa = PBXResourcesBuildPhase;
			buildActionMask = 2147483647;
			files = (
			);
			runOnlyForDeploymentPostprocessing = 0;
		};
		CE381EB72EB1BC55005F5EE6 /* Resources */ = {
			isa = PBXResourcesBuildPhase;
			buildActionMask = 2147483647;
			files = (
			);
			runOnlyForDeploymentPostprocessing = 0;
		};
		CE381EC12EB1BC55005F5EE6 /* Resources */ = {
			isa = PBXResourcesBuildPhase;
			buildActionMask = 2147483647;
			files = (
			);
			runOnlyForDeploymentPostprocessing = 0;
		};
/* End PBXResourcesBuildPhase section */

/* Begin PBXSourcesBuildPhase section */
		CE381EA82EB1BC53005F5EE6 /* Sources */ = {
			isa = PBXSourcesBuildPhase;
			buildActionMask = 2147483647;
			files = (
			);
			runOnlyForDeploymentPostprocessing = 0;
		};
		CE381EB52EB1BC55005F5EE6 /* Sources */ = {
			isa = PBXSourcesBuildPhase;
			buildActionMask = 2147483647;
			files = (
			);
			runOnlyForDeploymentPostprocessing = 0;
		};
		CE381EBF2EB1BC55005F5EE6 /* Sources */ = {
			isa = PBXSourcesBuildPhase;
			buildActionMask = 2147483647;
			files = (
			);
			runOnlyForDeploymentPostprocessing = 0;
		};
/* End PBXSourcesBuildPhase section */

/* Begin PBXTargetDependency section */
		CE381EBB2EB1BC55005F5EE6 /* PBXTargetDependency */ = {
			isa = PBXTargetDependency;
			target = CE381EAB2EB1BC53005F5EE6 /* Semana10_Integracion2 */;
			targetProxy = CE381EBA2EB1BC55005F5EE6 /* PBXContainerItemProxy */;
		};
		CE381EC52EB1BC55005F5EE6 /* PBXTargetDependency */ = {
			isa = PBXTargetDependency;
			target = CE381EAB2EB1BC53005F5EE6 /* Semana10_Integracion2 */;
			targetProxy = CE381EC42EB1BC55005F5EE6 /* PBXContainerItemProxy */;
		};
/* End PBXTargetDependency section */

/* Begin XCBuildConfiguration section */
		CE381ECB2EB1BC56005F5EE6 /* Debug */ = {
			isa = XCBuildConfiguration;
			buildSettings = {
				ALWAYS_SEARCH_USER_PATHS = NO;
				ASSETCATALOG_COMPILER_GENERATE_SWIFT_ASSET_SYMBOL_EXTENSIONS = YES;
				CLANG_ANALYZER_NONNULL = YES;
				CLANG_ANALYZER_NUMBER_OBJECT_CONVERSION = YES_AGGRESSIVE;
				CLANG_CXX_LANGUAGE_STANDARD = "gnu++20";
				CLANG_ENABLE_MODULES = YES;
				CLANG_ENABLE_OBJC_ARC = YES;
				CLANG_ENABLE_OBJC_WEAK = YES;
				CLANG_WARN_BLOCK_CAPTURE_AUTORELEASING = YES;
				CLANG_WARN_BOOL_CONVERSION = YES;
				CLANG_WARN_COMMA = YES;
				CLANG_WARN_CONSTANT_CONVERSION = YES;
				CLANG_WARN_DEPRECATED_OBJC_IMPLEMENTATIONS = YES;
				CLANG_WARN_DIRECT_OBJC_ISA_USAGE = YES_ERROR;
				CLANG_WARN_DOCUMENTATION_COMMENTS = YES;
				CLANG_WARN_EMPTY_BODY = YES;
				CLANG_WARN_ENUM_CONVERSION = YES;
				CLANG_WARN_INFINITE_RECURSION = YES;
				CLANG_WARN_INT_CONVERSION = YES;
				CLANG_WARN_NON_LITERAL_NULL_CONVERSION = YES;
				CLANG_WARN_OBJC_IMPLICIT_RETAIN_SELF = YES;
				CLANG_WARN_OBJC_LITERAL_CONVERSION = YES;
				CLANG_WARN_OBJC_ROOT_CLASS = YES_ERROR;
				CLANG_WARN_QUOTED_INCLUDE_IN_FRAMEWORK_HEADER = YES;
				CLANG_WARN_RANGE_LOOP_ANALYSIS = YES;
				CLANG_WARN_STRICT_PROTOTYPES = YES;
				CLANG_WARN_SUSPICIOUS_MOVE = YES;
				CLANG_WARN_UNGUARDED_AVAILABILITY = YES_AGGRESSIVE;
				CLANG_WARN_UNREACHABLE_CODE = YES;
				CLANG_WARN__DUPLICATE_METHOD_MATCH = YES;
				COPY_PHASE_STRIP = NO;
				DEBUG_INFORMATION_FORMAT = dwarf;
				ENABLE_STRICT_OBJC_MSGSEND = YES;
				ENABLE_TESTABILITY = YES;
				ENABLE_USER_SCRIPT_SANDBOXING = YES;
				GCC_C_LANGUAGE_STANDARD = gnu17;
				GCC_DYNAMIC_NO_PIC = NO;
				GCC_NO_COMMON_BLOCKS = YES;
				GCC_OPTIMIZATION_LEVEL = 0;
				GCC_PREPROCESSOR_DEFINITIONS = (
					"DEBUG=1",
					"$(inherited)",
				);
				GCC_WARN_64_TO_32_BIT_CONVERSION = YES;
				GCC_WARN_ABOUT_RETURN_TYPE = YES_ERROR;
				GCC_WARN_UNDECLARED_SELECTOR = YES;
				GCC_WARN_UNINITIALIZED_AUTOS = YES_AGGRESSIVE;
				GCC_WARN_UNUSED_FUNCTION = YES;
				GCC_WARN_UNUSED_VARIABLE = YES;
				IPHONEOS_DEPLOYMENT_TARGET = 26.0;
				LOCALIZATION_PREFERS_STRING_CATALOGS = YES;
				MTL_ENABLE_DEBUG_INFO = INCLUDE_SOURCE;
				MTL_FAST_MATH = YES;
				ONLY_ACTIVE_ARCH = YES;
				SDKROOT = iphoneos;
				SWIFT_ACTIVE_COMPILATION_CONDITIONS = "DEBUG $(inherited)";
				SWIFT_OPTIMIZATION_LEVEL = "-Onone";
			};
			name = Debug;
		};
		CE381ECC2EB1BC56005F5EE6 /* Release */ = {
			isa = XCBuildConfiguration;
			buildSettings = {
				ALWAYS_SEARCH_USER_PATHS = NO;
				ASSETCATALOG_COMPILER_GENERATE_SWIFT_ASSET_SYMBOL_EXTENSIONS = YES;
				CLANG_ANALYZER_NONNULL = YES;
				CLANG_ANALYZER_NUMBER_OBJECT_CONVERSION = YES_AGGRESSIVE;
				CLANG_CXX_LANGUAGE_STANDARD = "gnu++20";
				CLANG_ENABLE_MODULES = YES;
				CLANG_ENABLE_OBJC_ARC = YES;
				CLANG_ENABLE_OBJC_WEAK = YES;
				CLANG_WARN_BLOCK_CAPTURE_AUTORELEASING = YES;
				CLANG_WARN_BOOL_CONVERSION = YES;
				CLANG_WARN_COMMA = YES;
				CLANG_WARN_CONSTANT_CONVERSION = YES;
				CLANG_WARN_DEPRECATED_OBJC_IMPLEMENTATIONS = YES;
				CLANG_WARN_DIRECT_OBJC_ISA_USAGE = YES_ERROR;
				CLANG_WARN_DOCUMENTATION_COMMENTS = YES;
				CLANG_WARN_EMPTY_BODY = YES;
				CLANG_WARN_ENUM_CONVERSION = YES;
				CLANG_WARN_INFINITE_RECURSION = YES;
				CLANG_WARN_INT_CONVERSION = YES;
				CLANG_WARN_NON_LITERAL_NULL_CONVERSION = YES;
				CLANG_WARN_OBJC_IMPLICIT_RETAIN_SELF = YES;
				CLANG_WARN_OBJC_LITERAL_CONVERSION = YES;
				CLANG_WARN_OBJC_ROOT_CLASS = YES_ERROR;
				CLANG_WARN_QUOTED_INCLUDE_IN_FRAMEWORK_HEADER = YES;
				CLANG_WARN_RANGE_LOOP_ANALYSIS = YES;
				CLANG_WARN_STRICT_PROTOTYPES = YES;
				CLANG_WARN_SUSPICIOUS_MOVE = YES;
				CLANG_WARN_UNGUARDED_AVAILABILITY = YES_AGGRESSIVE;
				CLANG_WARN_UNREACHABLE_CODE = YES;
				CLANG_WARN__DUPLICATE_METHOD_MATCH = YES;
				COPY_PHASE_STRIP = NO;
				DEBUG_INFORMATION_FORMAT = "dwarf-with-dsym";
				ENABLE_NS_ASSERTIONS = NO;
				ENABLE_STRICT_OBJC_MSGSEND = YES;
				ENABLE_USER_SCRIPT_SANDBOXING = YES;
				GCC_C_LANGUAGE_STANDARD = gnu17;
				GCC_NO_COMMON_BLOCKS = YES;
				GCC_WARN_64_TO_32_BIT_CONVERSION = YES;
				GCC_WARN_ABOUT_RETURN_TYPE = YES_ERROR;
				GCC_WARN_UNDECLARED_SELECTOR = YES;
				GCC_WARN_UNINITIALIZED_AUTOS = YES_AGGRESSIVE;
				GCC_WARN_UNUSED_FUNCTION = YES;
				GCC_WARN_UNUSED_VARIABLE = YES;
				IPHONEOS_DEPLOYMENT_TARGET = 26.0;
				LOCALIZATION_PREFERS_STRING_CATALOGS = YES;
				MTL_ENABLE_DEBUG_INFO = NO;
				MTL_FAST_MATH = YES;
				SDKROOT = iphoneos;
				SWIFT_COMPILATION_MODE = wholemodule;
				VALIDATE_PRODUCT = YES;
			};
			name = Release;
		};
		CE381ECE2EB1BC56005F5EE6 /* Debug */ = {
			isa = XCBuildConfiguration;
			buildSettings = {
				ASSETCATALOG_COMPILER_APPICON_NAME = AppIcon;
				ASSETCATALOG_COMPILER_GLOBAL_ACCENT_COLOR_NAME = AccentColor;
				CODE_SIGN_STYLE = Automatic;
				CURRENT_PROJECT_VERSION = 1;
				ENABLE_PREVIEWS = YES;
				GENERATE_INFOPLIST_FILE = YES;
				INFOPLIST_KEY_UIApplicationSceneManifest_Generation = YES;
				INFOPLIST_KEY_UIApplicationSupportsIndirectInputEvents = YES;
				INFOPLIST_KEY_UILaunchScreen_Generation = YES;
				INFOPLIST_KEY_UISupportedInterfaceOrientations_iPad = "UIInterfaceOrientationPortrait UIInterfaceOrientationPortraitUpsideDown UIInterfaceOrientationLandscapeLeft UIInterfaceOrientationLandscapeRight";
				INFOPLIST_KEY_UISupportedInterfaceOrientations_iPhone = "UIInterfaceOrientationPortrait UIInterfaceOrientationLandscapeLeft UIInterfaceOrientationLandscapeRight";
				LD_RUNPATH_SEARCH_PATHS = (
					"$(inherited)",
					"@executable_path/Frameworks",
				);
				MARKETING_VERSION = 1.0;
				PRODUCT_BUNDLE_IDENTIFIER = "tecsup.edu.pe.Semana10-Integracion2";
				PRODUCT_NAME = "$(TARGET_NAME)";
				STRING_CATALOG_GENERATE_SYMBOLS = YES;
				SWIFT_APPROACHABLE_CONCURRENCY = YES;
				SWIFT_DEFAULT_ACTOR_ISOLATION = MainActor;
				SWIFT_EMIT_LOC_STRINGS = YES;
				SWIFT_UPCOMING_FEATURE_MEMBER_IMPORT_VISIBILITY = YES;
				SWIFT_VERSION = 5.0;
				TARGETED_DEVICE_FAMILY = "1,2";
			};
			name = Debug;
		};
		CE381ECF2EB1BC56005F5EE6 /* Release */ = {
			isa = XCBuildConfiguration;
			buildSettings = {
				ASSETCATALOG_COMPILER_APPICON_NAME = AppIcon;
				ASSETCATALOG_COMPILER_GLOBAL_ACCENT_COLOR_NAME = AccentColor;
				CODE_SIGN_STYLE = Automatic;
				CURRENT_PROJECT_VERSION = 1;
				ENABLE_PREVIEWS = YES;
				GENERATE_INFOPLIST_FILE = YES;
				INFOPLIST_KEY_UIApplicationSceneManifest_Generation = YES;
				INFOPLIST_KEY_UIApplicationSupportsIndirectInputEvents = YES;
				INFOPLIST_KEY_UILaunchScreen_Generation = YES;
				INFOPLIST_KEY_UISupportedInterfaceOrientations_iPad = "UIInterfaceOrientationPortrait UIInterfaceOrientationPortraitUpsideDown UIInterfaceOrientationLandscapeLeft UIInterfaceOrientationLandscapeRight";
				INFOPLIST_KEY_UISupportedInterfaceOrientations_iPhone = "UIInterfaceOrientationPortrait UIInterfaceOrientationLandscapeLeft UIInterfaceOrientationLandscapeRight";
				LD_RUNPATH_SEARCH_PATHS = (
					"$(inherited)",
					"@executable_path/Frameworks",
				);
				MARKETING_VERSION = 1.0;
				PRODUCT_BUNDLE_IDENTIFIER = "tecsup.edu.pe.Semana10-Integracion2";
				PRODUCT_NAME = "$(TARGET_NAME)";
				STRING_CATALOG_GENERATE_SYMBOLS = YES;
				SWIFT_APPROACHABLE_CONCURRENCY = YES;
				SWIFT_DEFAULT_ACTOR_ISOLATION = MainActor;
				SWIFT_EMIT_LOC_STRINGS = YES;
				SWIFT_UPCOMING_FEATURE_MEMBER_IMPORT_VISIBILITY = YES;
				SWIFT_VERSION = 5.0;
				TARGETED_DEVICE_FAMILY = "1,2";
			};
			name = Release;
		};
		CE381ED12EB1BC56005F5EE6 /* Debug */ = {
			isa = XCBuildConfiguration;
			buildSettings = {
				BUNDLE_LOADER = "$(TEST_HOST)";
				CODE_SIGN_STYLE = Automatic;
				CURRENT_PROJECT_VERSION = 1;
				GENERATE_INFOPLIST_FILE = YES;
				IPHONEOS_DEPLOYMENT_TARGET = 26.0;
				MARKETING_VERSION = 1.0;
				PRODUCT_BUNDLE_IDENTIFIER = "tecsup.edu.pe.Semana10-Integracion2Tests";
				PRODUCT_NAME = "$(TARGET_NAME)";
				STRING_CATALOG_GENERATE_SYMBOLS = NO;
				SWIFT_APPROACHABLE_CONCURRENCY = YES;
				SWIFT_EMIT_LOC_STRINGS = NO;
				SWIFT_UPCOMING_FEATURE_MEMBER_IMPORT_VISIBILITY = YES;
				SWIFT_VERSION = 5.0;
				TARGETED_DEVICE_FAMILY = "1,2";
				TEST_HOST = "$(BUILT_PRODUCTS_DIR)/Semana10_Integracion2.app/$(BUNDLE_EXECUTABLE_FOLDER_PATH)/Semana10_Integracion2";
			};
			name = Debug;
		};
		CE381ED22EB1BC56005F5EE6 /* Release */ = {
			isa = XCBuildConfiguration;
			buildSettings = {
				BUNDLE_LOADER = "$(TEST_HOST)";
				CODE_SIGN_STYLE = Automatic;
				CURRENT_PROJECT_VERSION = 1;
				GENERATE_INFOPLIST_FILE = YES;
				IPHONEOS_DEPLOYMENT_TARGET = 26.0;
				MARKETING_VERSION = 1.0;
				PRODUCT_BUNDLE_IDENTIFIER = "tecsup.edu.pe.Semana10-Integracion2Tests";
				PRODUCT_NAME = "$(TARGET_NAME)";
				STRING_CATALOG_GENERATE_SYMBOLS = NO;
				SWIFT_APPROACHABLE_CONCURRENCY = YES;
				SWIFT_EMIT_LOC_STRINGS = NO;
				SWIFT_UPCOMING_FEATURE_MEMBER_IMPORT_VISIBILITY = YES;
				SWIFT_VERSION = 5.0;
				TARGETED_DEVICE_FAMILY = "1,2";
				TEST_HOST = "$(BUILT_PRODUCTS_DIR)/Semana10_Integracion2.app/$(BUNDLE_EXECUTABLE_FOLDER_PATH)/Semana10_Integracion2";
			};
			name = Release;
		};
		CE381ED42EB1BC56005F5EE6 /* Debug */ = {
			isa = XCBuildConfiguration;
			buildSettings = {
				CODE_SIGN_STYLE = Automatic;
				CURRENT_PROJECT_VERSION = 1;
				GENERATE_INFOPLIST_FILE = YES;
				MARKETING_VERSION = 1.0;
				PRODUCT_BUNDLE_IDENTIFIER = "tecsup.edu.pe.Semana10-Integracion2UITests";
				PRODUCT_NAME = "$(TARGET_NAME)";
				STRING_CATALOG_GENERATE_SYMBOLS = NO;
				SWIFT_APPROACHABLE_CONCURRENCY = YES;
				SWIFT_EMIT_LOC_STRINGS = NO;
				SWIFT_UPCOMING_FEATURE_MEMBER_IMPORT_VISIBILITY = YES;
				SWIFT_VERSION = 5.0;
				TARGETED_DEVICE_FAMILY = "1,2";
				TEST_TARGET_NAME = Semana10_Integracion2;
			};
			name = Debug;
		};
		CE381ED52EB1BC56005F5EE6 /* Release */ = {
			isa = XCBuildConfiguration;
			buildSettings = {
				CODE_SIGN_STYLE = Automatic;
				CURRENT_PROJECT_VERSION = 1;
				GENERATE_INFOPLIST_FILE = YES;
				MARKETING_VERSION = 1.0;
				PRODUCT_BUNDLE_IDENTIFIER = "tecsup.edu.pe.Semana10-Integracion2UITests";
				PRODUCT_NAME = "$(TARGET_NAME)";
				STRING_CATALOG_GENERATE_SYMBOLS = NO;
				SWIFT_APPROACHABLE_CONCURRENCY = YES;
				SWIFT_EMIT_LOC_STRINGS = NO;
				SWIFT_UPCOMING_FEATURE_MEMBER_IMPORT_VISIBILITY = YES;
				SWIFT_VERSION = 5.0;
				TARGETED_DEVICE_FAMILY = "1,2";
				TEST_TARGET_NAME = Semana10_Integracion2;
			};
			name = Release;
		};
/* End XCBuildConfiguration section */

/* Begin XCConfigurationList section */
		CE381EA72EB1BC53005F5EE6 /* Build configuration list for PBXProject "Semana10_Integracion2" */ = {
			isa = XCConfigurationList;
			buildConfigurations = (
				CE381ECB2EB1BC56005F5EE6 /* Debug */,
				CE381ECC2EB1BC56005F5EE6 /* Release */,
			);
			defaultConfigurationIsVisible = 0;
			defaultConfigurationName = Release;
		};
		CE381ECD2EB1BC56005F5EE6 /* Build configuration list for PBXNativeTarget "Semana10_Integracion2" */ = {
			isa = XCConfigurationList;
			buildConfigurations = (
				CE381ECE2EB1BC56005F5EE6 /* Debug */,
				CE381ECF2EB1BC56005F5EE6 /* Release */,
			);
			defaultConfigurationIsVisible = 0;
			defaultConfigurationName = Release;
		};
		CE381ED02EB1BC56005F5EE6 /* Build configuration list for PBXNativeTarget "Semana10_Integracion2Tests" */ = {
			isa = XCConfigurationList;
			buildConfigurations = (
				CE381ED12EB1BC56005F5EE6 /* Debug */,
				CE381ED22EB1BC56005F5EE6 /* Release */,
			);
			defaultConfigurationIsVisible = 0;
			defaultConfigurationName = Release;
		};
		CE381ED32EB1BC56005F5EE6 /* Build configuration list for PBXNativeTarget "Semana10_Integracion2UITests" */ = {
			isa = XCConfigurationList;
			buildConfigurations = (
				CE381ED42EB1BC56005F5EE6 /* Debug */,
				CE381ED52EB1BC56005F5EE6 /* Release */,
			);
			defaultConfigurationIsVisible = 0;
			defaultConfigurationName = Release;
		};
/* End XCConfigurationList section */
	};
	rootObject = CE381EA42EB1BC53005F5EE6 /* Project object */;
}
